// !$*UTF8*$!
{
	archiveVersion = 1;
	classes = {
	};
	objectVersion = 56;
	objects = {

/* Begin PBXBuildFile section */
		441C18152B3231FB006A879B /* GraphQLiOSBlueprintApp.swift in Sources */ = {isa = PBXBuildFile; fileRef = 441C18142B3231FB006A879B /* GraphQLiOSBlueprintApp.swift */; };
		441C18172B3231FB006A879B /* ContentView.swift in Sources */ = {isa = PBXBuildFile; fileRef = 441C18162B3231FB006A879B /* ContentView.swift */; };
		441C18192B3231FC006A879B /* Assets.xcassets in Resources */ = {isa = PBXBuildFile; fileRef = 441C18182B3231FC006A879B /* Assets.xcassets */; };
		44AC63472B32533700E304E6 /* Apollo in Frameworks */ = {isa = PBXBuildFile; productRef = 44AC63462B32533700E304E6 /* Apollo */; };
		44AC63492B32533700E304E6 /* ApolloAPI in Frameworks */ = {isa = PBXBuildFile; productRef = 44AC63482B32533700E304E6 /* ApolloAPI */; };
		44AC63512B32550100E304E6 /* apollo-ios-cli in Resources */ = {isa = PBXBuildFile; fileRef = 44AC63502B32550100E304E6 /* apollo-ios-cli */; };
		44AC63532B3255F300E304E6 /* apollo-codegen-config.json in Resources */ = {isa = PBXBuildFile; fileRef = 44AC63522B3255F300E304E6 /* apollo-codegen-config.json */; };
		44AC63552B32585800E304E6 /* graphql_schema.graphqls in Resources */ = {isa = PBXBuildFile; fileRef = 44AC63542B32585800E304E6 /* graphql_schema.graphqls */; };
		44AC63572B3258FA00E304E6 /* characters.graphql in Resources */ = {isa = PBXBuildFile; fileRef = 44AC63562B3258FA00E304E6 /* characters.graphql */; };
		44AC635B2B325A5A00E304E6 /* GraphqlAPI in Frameworks */ = {isa = PBXBuildFile; productRef = 44AC635A2B325A5A00E304E6 /* GraphqlAPI */; };
		44AC63632B325CD000E304E6 /* main.swift in Sources */ = {isa = PBXBuildFile; fileRef = 44AC63622B325CD000E304E6 /* main.swift */; };
/* End PBXBuildFile section */

/* Begin PBXCopyFilesBuildPhase section */
		44AC635E2B325CD000E304E6 /* CopyFiles */ = {
			isa = PBXCopyFilesBuildPhase;
			buildActionMask = 2147483647;
			dstPath = /usr/share/man/man1/;
			dstSubfolderSpec = 0;
			files = (
			);
			runOnlyForDeploymentPostprocessing = 1;
		};
/* End PBXCopyFilesBuildPhase section */

/* Begin PBXFileReference section */
		441C18112B3231FB006A879B /* GraphQLiOSBlueprint.app */ = {isa = PBXFileReference; explicitFileType = wrapper.application; includeInIndex = 0; path = GraphQLiOSBlueprint.app; sourceTree = BUILT_PRODUCTS_DIR; };
		441C18142B3231FB006A879B /* GraphQLiOSBlueprintApp.swift */ = {isa = PBXFileReference; lastKnownFileType = sourcecode.swift; path = GraphQLiOSBlueprintApp.swift; sourceTree = "<group>"; };
		441C18162B3231FB006A879B /* ContentView.swift */ = {isa = PBXFileReference; lastKnownFileType = sourcecode.swift; path = ContentView.swift; sourceTree = "<group>"; };
		441C18182B3231FC006A879B /* Assets.xcassets */ = {isa = PBXFileReference; lastKnownFileType = folder.assetcatalog; path = Assets.xcassets; sourceTree = "<group>"; };
		44AC63502B32550100E304E6 /* apollo-ios-cli */ = {isa = PBXFileReference; lastKnownFileType = "compiled.mach-o.executable"; path = "apollo-ios-cli"; sourceTree = "<group>"; };
		44AC63522B3255F300E304E6 /* apollo-codegen-config.json */ = {isa = PBXFileReference; fileEncoding = 4; lastKnownFileType = text.json; path = "apollo-codegen-config.json"; sourceTree = "<group>"; };
		44AC63542B32585800E304E6 /* graphql_schema.graphqls */ = {isa = PBXFileReference; fileEncoding = 4; lastKnownFileType = text; path = graphql_schema.graphqls; sourceTree = "<group>"; };
		44AC63562B3258FA00E304E6 /* characters.graphql */ = {isa = PBXFileReference; lastKnownFileType = text; path = characters.graphql; sourceTree = "<group>"; };
		44AC63582B3259B000E304E6 /* GraphqlAPI */ = {isa = PBXFileReference; lastKnownFileType = wrapper; path = GraphqlAPI; sourceTree = "<group>"; };
		44AC63602B325CD000E304E6 /* GraphqliOSBlueprintCLI */ = {isa = PBXFileReference; explicitFileType = "compiled.mach-o.executable"; includeInIndex = 0; path = GraphqliOSBlueprintCLI; sourceTree = BUILT_PRODUCTS_DIR; };
		44AC63622B325CD000E304E6 /* main.swift */ = {isa = PBXFileReference; lastKnownFileType = sourcecode.swift; path = main.swift; sourceTree = "<group>"; };
/* End PBXFileReference section */

/* Begin PBXFrameworksBuildPhase section */
		441C180E2B3231FB006A879B /* Frameworks */ = {
			isa = PBXFrameworksBuildPhase;
			buildActionMask = 2147483647;
			files = (
				44AC63492B32533700E304E6 /* ApolloAPI in Frameworks */,
				44AC63472B32533700E304E6 /* Apollo in Frameworks */,
				44AC635B2B325A5A00E304E6 /* GraphqlAPI in Frameworks */,
			);
			runOnlyForDeploymentPostprocessing = 0;
		};
		44AC635D2B325CD000E304E6 /* Frameworks */ = {
			isa = PBXFrameworksBuildPhase;
			buildActionMask = 2147483647;
			files = (
			);
			runOnlyForDeploymentPostprocessing = 0;
		};
/* End PBXFrameworksBuildPhase section */

/* Begin PBXGroup section */
		441C18082B3231FB006A879B = {
			isa = PBXGroup;
			children = (
				441C18132B3231FB006A879B /* GraphQLiOSBlueprint */,
				44AC63612B325CD000E304E6 /* GraphqliOSBlueprintCLI */,
				441C18122B3231FB006A879B /* Products */,
				44AC63592B325A5A00E304E6 /* Frameworks */,
			);
			sourceTree = "<group>";
		};
		441C18122B3231FB006A879B /* Products */ = {
			isa = PBXGroup;
			children = (
				441C18112B3231FB006A879B /* GraphQLiOSBlueprint.app */,
				44AC63602B325CD000E304E6 /* GraphqliOSBlueprintCLI */,
			);
			name = Products;
			sourceTree = "<group>";
		};
		441C18132B3231FB006A879B /* GraphQLiOSBlueprint */ = {
			isa = PBXGroup;
			children = (
				44AC63412B32527F00E304E6 /* Data */,
				441C18142B3231FB006A879B /* GraphQLiOSBlueprintApp.swift */,
				441C18162B3231FB006A879B /* ContentView.swift */,
				441C18182B3231FC006A879B /* Assets.xcassets */,
			);
			path = GraphQLiOSBlueprint;
			sourceTree = "<group>";
		};
		44AC63412B32527F00E304E6 /* Data */ = {
			isa = PBXGroup;
			children = (
				44AC63422B32528500E304E6 /* Core */,
				44AC63582B3259B000E304E6 /* GraphqlAPI */,
				44AC634A2B32541B00E304E6 /* Operations */,
			);
			path = Data;
			sourceTree = "<group>";
		};
		44AC63422B32528500E304E6 /* Core */ = {
			isa = PBXGroup;
			children = (
				44AC63522B3255F300E304E6 /* apollo-codegen-config.json */,
				44AC63502B32550100E304E6 /* apollo-ios-cli */,
				44AC63542B32585800E304E6 /* graphql_schema.graphqls */,
			);
			path = Core;
			sourceTree = "<group>";
		};
		44AC634A2B32541B00E304E6 /* Operations */ = {
			isa = PBXGroup;
			children = (
				44AC634D2B32544500E304E6 /* Fragment */,
				44AC634C2B32544200E304E6 /* Query */,
				44AC634B2B32543E00E304E6 /* Mutation */,
			);
			path = Operations;
			sourceTree = "<group>";
		};
		44AC634B2B32543E00E304E6 /* Mutation */ = {
			isa = PBXGroup;
			children = (
			);
			path = Mutation;
			sourceTree = "<group>";
		};
		44AC634C2B32544200E304E6 /* Query */ = {
			isa = PBXGroup;
			children = (
				44AC63562B3258FA00E304E6 /* characters.graphql */,
			);
			path = Query;
			sourceTree = "<group>";
		};
		44AC634D2B32544500E304E6 /* Fragment */ = {
			isa = PBXGroup;
			children = (
			);
			path = Fragment;
			sourceTree = "<group>";
		};
		44AC63592B325A5A00E304E6 /* Frameworks */ = {
			isa = PBXGroup;
			children = (
			);
			name = Frameworks;
			sourceTree = "<group>";
		};
		44AC63612B325CD000E304E6 /* GraphqliOSBlueprintCLI */ = {
			isa = PBXGroup;
			children = (
				44AC63622B325CD000E304E6 /* main.swift */,
			);
			path = GraphqliOSBlueprintCLI;
			sourceTree = "<group>";
		};
/* End PBXGroup section */

/* Begin PBXNativeTarget section */
		441C18102B3231FB006A879B /* GraphQLiOSBlueprint */ = {
			isa = PBXNativeTarget;
			buildConfigurationList = 441C181F2B3231FC006A879B /* Build configuration list for PBXNativeTarget "GraphQLiOSBlueprint" */;
			buildPhases = (
				441C180D2B3231FB006A879B /* Sources */,
				441C180E2B3231FB006A879B /* Frameworks */,
				441C180F2B3231FB006A879B /* Resources */,
			);
			buildRules = (
			);
			dependencies = (
			);
			name = GraphQLiOSBlueprint;
			packageProductDependencies = (
				44AC63462B32533700E304E6 /* Apollo */,
				44AC63482B32533700E304E6 /* ApolloAPI */,
				44AC635A2B325A5A00E304E6 /* GraphqlAPI */,
			);
			productName = GraphQLiOSBlueprint;
			productReference = 441C18112B3231FB006A879B /* GraphQLiOSBlueprint.app */;
			productType = "com.apple.product-type.application";
		};
		44AC635F2B325CD000E304E6 /* GraphqliOSBlueprintCLI */ = {
			isa = PBXNativeTarget;
			buildConfigurationList = 44AC63642B325CD000E304E6 /* Build configuration list for PBXNativeTarget "GraphqliOSBlueprintCLI" */;
			buildPhases = (
				44AC635C2B325CD000E304E6 /* Sources */,
				44AC635D2B325CD000E304E6 /* Frameworks */,
				44AC635E2B325CD000E304E6 /* CopyFiles */,
			);
			buildRules = (
			);
			dependencies = (
			);
			name = GraphqliOSBlueprintCLI;
			productName = GraphqliOSBlueprintCLI;
			productReference = 44AC63602B325CD000E304E6 /* GraphqliOSBlueprintCLI */;
			productType = "com.apple.product-type.tool";
		};
/* End PBXNativeTarget section */

/* Begin PBXProject section */
		441C18092B3231FB006A879B /* Project object */ = {
			isa = PBXProject;
			attributes = {
				BuildIndependentTargetsInParallel = 1;
				LastSwiftUpdateCheck = 1500;
				LastUpgradeCheck = 1500;
				TargetAttributes = {
					441C18102B3231FB006A879B = {
						CreatedOnToolsVersion = 15.0;
					};
					44AC635F2B325CD000E304E6 = {
						CreatedOnToolsVersion = 15.0;
					};
				};
			};
			buildConfigurationList = 441C180C2B3231FB006A879B /* Build configuration list for PBXProject "GraphQLiOSBlueprint" */;
			compatibilityVersion = "Xcode 14.0";
			developmentRegion = en;
			hasScannedForEncodings = 0;
			knownRegions = (
				en,
				Base,
			);
			mainGroup = 441C18082B3231FB006A879B;
			packageReferences = (
				44AC63452B32533700E304E6 /* XCRemoteSwiftPackageReference "apollo-ios" */,
			);
			productRefGroup = 441C18122B3231FB006A879B /* Products */;
			projectDirPath = "";
			projectRoot = "";
			targets = (
				441C18102B3231FB006A879B /* GraphQLiOSBlueprint */,
				44AC635F2B325CD000E304E6 /* GraphqliOSBlueprintCLI */,
			);
		};
/* End PBXProject section */

/* Begin PBXResourcesBuildPhase section */
		441C180F2B3231FB006A879B /* Resources */ = {
			isa = PBXResourcesBuildPhase;
			buildActionMask = 2147483647;
			files = (
				44AC63532B3255F300E304E6 /* apollo-codegen-config.json in Resources */,
				44AC63512B32550100E304E6 /* apollo-ios-cli in Resources */,
				44AC63552B32585800E304E6 /* graphql_schema.graphqls in Resources */,
				441C18192B3231FC006A879B /* Assets.xcassets in Resources */,
				44AC63572B3258FA00E304E6 /* characters.graphql in Resources */,
			);
			runOnlyForDeploymentPostprocessing = 0;
		};
/* End PBXResourcesBuildPhase section */

/* Begin PBXSourcesBuildPhase section */
		441C180D2B3231FB006A879B /* Sources */ = {
			isa = PBXSourcesBuildPhase;
			buildActionMask = 2147483647;
			files = (
				441C18172B3231FB006A879B /* ContentView.swift in Sources */,
				441C18152B3231FB006A879B /* GraphQLiOSBlueprintApp.swift in Sources */,
			);
			runOnlyForDeploymentPostprocessing = 0;
		};
		44AC635C2B325CD000E304E6 /* Sources */ = {
			isa = PBXSourcesBuildPhase;
			buildActionMask = 2147483647;
			files = (
				44AC63632B325CD000E304E6 /* main.swift in Sources */,
			);
			runOnlyForDeploymentPostprocessing = 0;
		};
/* End PBXSourcesBuildPhase section */

/* Begin XCBuildConfiguration section */
		441C181D2B3231FC006A879B /* Debug */ = {
			isa = XCBuildConfiguration;
			buildSettings = {
				ALWAYS_SEARCH_USER_PATHS = NO;
				ASSETCATALOG_COMPILER_GENERATE_SWIFT_ASSET_SYMBOL_EXTENSIONS = YES;
				CLANG_ANALYZER_NONNULL = YES;
				CLANG_ANALYZER_NUMBER_OBJECT_CONVERSION = YES_AGGRESSIVE;
				CLANG_CXX_LANGUAGE_STANDARD = "gnu++20";
				CLANG_ENABLE_MODULES = YES;
				CLANG_ENABLE_OBJC_ARC = YES;
				CLANG_ENABLE_OBJC_WEAK = YES;
				CLANG_WARN_BLOCK_CAPTURE_AUTORELEASING = YES;
				CLANG_WARN_BOOL_CONVERSION = YES;
				CLANG_WARN_COMMA = YES;
				CLANG_WARN_CONSTANT_CONVERSION = YES;
				CLANG_WARN_DEPRECATED_OBJC_IMPLEMENTATIONS = YES;
				CLANG_WARN_DIRECT_OBJC_ISA_USAGE = YES_ERROR;
				CLANG_WARN_DOCUMENTATION_COMMENTS = YES;
				CLANG_WARN_EMPTY_BODY = YES;
				CLANG_WARN_ENUM_CONVERSION = YES;
				CLANG_WARN_INFINITE_RECURSION = YES;
				CLANG_WARN_INT_CONVERSION = YES;
				CLANG_WARN_NON_LITERAL_NULL_CONVERSION = YES;
				CLANG_WARN_OBJC_IMPLICIT_RETAIN_SELF = YES;
				CLANG_WARN_OBJC_LITERAL_CONVERSION = YES;
				CLANG_WARN_OBJC_ROOT_CLASS = YES_ERROR;
				CLANG_WARN_QUOTED_INCLUDE_IN_FRAMEWORK_HEADER = YES;
				CLANG_WARN_RANGE_LOOP_ANALYSIS = YES;
				CLANG_WARN_STRICT_PROTOTYPES = YES;
				CLANG_WARN_SUSPICIOUS_MOVE = YES;
				CLANG_WARN_UNGUARDED_AVAILABILITY = YES_AGGRESSIVE;
				CLANG_WARN_UNREACHABLE_CODE = YES;
				CLANG_WARN__DUPLICATE_METHOD_MATCH = YES;
				COPY_PHASE_STRIP = NO;
				DEBUG_INFORMATION_FORMAT = dwarf;
				ENABLE_STRICT_OBJC_MSGSEND = YES;
				ENABLE_TESTABILITY = YES;
				ENABLE_USER_SCRIPT_SANDBOXING = YES;
				GCC_C_LANGUAGE_STANDARD = gnu17;
				GCC_DYNAMIC_NO_PIC = NO;
				GCC_NO_COMMON_BLOCKS = YES;
				GCC_OPTIMIZATION_LEVEL = 0;
				GCC_PREPROCESSOR_DEFINITIONS = (
					"DEBUG=1",
					"$(inherited)",
				);
				GCC_WARN_64_TO_32_BIT_CONVERSION = YES;
				GCC_WARN_ABOUT_RETURN_TYPE = YES_ERROR;
				GCC_WARN_UNDECLARED_SELECTOR = YES;
				GCC_WARN_UNINITIALIZED_AUTOS = YES_AGGRESSIVE;
				GCC_WARN_UNUSED_FUNCTION = YES;
				GCC_WARN_UNUSED_VARIABLE = YES;
				IPHONEOS_DEPLOYMENT_TARGET = 17.0;
				LOCALIZATION_PREFERS_STRING_CATALOGS = YES;
				MTL_ENABLE_DEBUG_INFO = INCLUDE_SOURCE;
				MTL_FAST_MATH = YES;
				ONLY_ACTIVE_ARCH = YES;
				SDKROOT = iphoneos;
				SWIFT_ACTIVE_COMPILATION_CONDITIONS = "DEBUG $(inherited)";
				SWIFT_OPTIMIZATION_LEVEL = "-Onone";
			};
			name = Debug;
		};
		441C181E2B3231FC006A879B /* Release */ = {
			isa = XCBuildConfiguration;
			buildSettings = {
				ALWAYS_SEARCH_USER_PATHS = NO;
				ASSETCATALOG_COMPILER_GENERATE_SWIFT_ASSET_SYMBOL_EXTENSIONS = YES;
				CLANG_ANALYZER_NONNULL = YES;
				CLANG_ANALYZER_NUMBER_OBJECT_CONVERSION = YES_AGGRESSIVE;
				CLANG_CXX_LANGUAGE_STANDARD = "gnu++20";
				CLANG_ENABLE_MODULES = YES;
				CLANG_ENABLE_OBJC_ARC = YES;
				CLANG_ENABLE_OBJC_WEAK = YES;
				CLANG_WARN_BLOCK_CAPTURE_AUTORELEASING = YES;
				CLANG_WARN_BOOL_CONVERSION = YES;
				CLANG_WARN_COMMA = YES;
				CLANG_WARN_CONSTANT_CONVERSION = YES;
				CLANG_WARN_DEPRECATED_OBJC_IMPLEMENTATIONS = YES;
				CLANG_WARN_DIRECT_OBJC_ISA_USAGE = YES_ERROR;
				CLANG_WARN_DOCUMENTATION_COMMENTS = YES;
				CLANG_WARN_EMPTY_BODY = YES;
				CLANG_WARN_ENUM_CONVERSION = YES;
				CLANG_WARN_INFINITE_RECURSION = YES;
				CLANG_WARN_INT_CONVERSION = YES;
				CLANG_WARN_NON_LITERAL_NULL_CONVERSION = YES;
				CLANG_WARN_OBJC_IMPLICIT_RETAIN_SELF = YES;
				CLANG_WARN_OBJC_LITERAL_CONVERSION = YES;
				CLANG_WARN_OBJC_ROOT_CLASS = YES_ERROR;
				CLANG_WARN_QUOTED_INCLUDE_IN_FRAMEWORK_HEADER = YES;
				CLANG_WARN_RANGE_LOOP_ANALYSIS = YES;
				CLANG_WARN_STRICT_PROTOTYPES = YES;
				CLANG_WARN_SUSPICIOUS_MOVE = YES;
				CLANG_WARN_UNGUARDED_AVAILABILITY = YES_AGGRESSIVE;
				CLANG_WARN_UNREACHABLE_CODE = YES;
				CLANG_WARN__DUPLICATE_METHOD_MATCH = YES;
				COPY_PHASE_STRIP = NO;
				DEBUG_INFORMATION_FORMAT = "dwarf-with-dsym";
				ENABLE_NS_ASSERTIONS = NO;
				ENABLE_STRICT_OBJC_MSGSEND = YES;
				ENABLE_USER_SCRIPT_SANDBOXING = YES;
				GCC_C_LANGUAGE_STANDARD = gnu17;
				GCC_NO_COMMON_BLOCKS = YES;
				GCC_WARN_64_TO_32_BIT_CONVERSION = YES;
				GCC_WARN_ABOUT_RETURN_TYPE = YES_ERROR;
				GCC_WARN_UNDECLARED_SELECTOR = YES;
				GCC_WARN_UNINITIALIZED_AUTOS = YES_AGGRESSIVE;
				GCC_WARN_UNUSED_FUNCTION = YES;
				GCC_WARN_UNUSED_VARIABLE = YES;
				IPHONEOS_DEPLOYMENT_TARGET = 17.0;
				LOCALIZATION_PREFERS_STRING_CATALOGS = YES;
				MTL_ENABLE_DEBUG_INFO = NO;
				MTL_FAST_MATH = YES;
				SDKROOT = iphoneos;
				SWIFT_COMPILATION_MODE = wholemodule;
				VALIDATE_PRODUCT = YES;
			};
			name = Release;
		};
		441C18202B3231FC006A879B /* Debug */ = {
			isa = XCBuildConfiguration;
			buildSettings = {
				ASSETCATALOG_COMPILER_APPICON_NAME = AppIcon;
				ASSETCATALOG_COMPILER_GLOBAL_ACCENT_COLOR_NAME = AccentColor;
				CODE_SIGN_STYLE = Automatic;
				CURRENT_PROJECT_VERSION = 1;
				ENABLE_PREVIEWS = YES;
				GENERATE_INFOPLIST_FILE = YES;
				INFOPLIST_KEY_UIApplicationSceneManifest_Generation = YES;
				INFOPLIST_KEY_UIApplicationSupportsIndirectInputEvents = YES;
				INFOPLIST_KEY_UILaunchScreen_Generation = YES;
				INFOPLIST_KEY_UISupportedInterfaceOrientations_iPad = "UIInterfaceOrientationPortrait UIInterfaceOrientationPortraitUpsideDown UIInterfaceOrientationLandscapeLeft UIInterfaceOrientationLandscapeRight";
				INFOPLIST_KEY_UISupportedInterfaceOrientations_iPhone = "UIInterfaceOrientationPortrait UIInterfaceOrientationLandscapeLeft UIInterfaceOrientationLandscapeRight";
				LD_RUNPATH_SEARCH_PATHS = (
					"$(inherited)",
					"@executable_path/Frameworks",
				);
				MARKETING_VERSION = 1.0;
				PRODUCT_BUNDLE_IDENTIFIER = com.ios.alkindev.GraphQLiOSBlueprint;
				PRODUCT_NAME = "$(TARGET_NAME)";
				SWIFT_EMIT_LOC_STRINGS = YES;
				SWIFT_VERSION = 5.0;
				TARGETED_DEVICE_FAMILY = "1,2";
			};
			name = Debug;
		};
		441C18212B3231FC006A879B /* Release */ = {
			isa = XCBuildConfiguration;
			buildSettings = {
				ASSETCATALOG_COMPILER_APPICON_NAME = AppIcon;
				ASSETCATALOG_COMPILER_GLOBAL_ACCENT_COLOR_NAME = AccentColor;
				CODE_SIGN_STYLE = Automatic;
				CURRENT_PROJECT_VERSION = 1;
				ENABLE_PREVIEWS = YES;
				GENERATE_INFOPLIST_FILE = YES;
				INFOPLIST_KEY_UIApplicationSceneManifest_Generation = YES;
				INFOPLIST_KEY_UIApplicationSupportsIndirectInputEvents = YES;
				INFOPLIST_KEY_UILaunchScreen_Generation = YES;
				INFOPLIST_KEY_UISupportedInterfaceOrientations_iPad = "UIInterfaceOrientationPortrait UIInterfaceOrientationPortraitUpsideDown UIInterfaceOrientationLandscapeLeft UIInterfaceOrientationLandscapeRight";
				INFOPLIST_KEY_UISupportedInterfaceOrientations_iPhone = "UIInterfaceOrientationPortrait UIInterfaceOrientationLandscapeLeft UIInterfaceOrientationLandscapeRight";
				LD_RUNPATH_SEARCH_PATHS = (
					"$(inherited)",
					"@executable_path/Frameworks",
				);
				MARKETING_VERSION = 1.0;
				PRODUCT_BUNDLE_IDENTIFIER = com.ios.alkindev.GraphQLiOSBlueprint;
				PRODUCT_NAME = "$(TARGET_NAME)";
				SWIFT_EMIT_LOC_STRINGS = YES;
				SWIFT_VERSION = 5.0;
				TARGETED_DEVICE_FAMILY = "1,2";
			};
			name = Release;
		};
		44AC63652B325CD000E304E6 /* Debug */ = {
			isa = XCBuildConfiguration;
			buildSettings = {
				CODE_SIGN_STYLE = Automatic;
				MACOSX_DEPLOYMENT_TARGET = 14.0;
				PRODUCT_NAME = "$(TARGET_NAME)";
				SDKROOT = macosx;
				SWIFT_VERSION = 5.0;
			};
			name = Debug;
		};
		44AC63662B325CD000E304E6 /* Release */ = {
			isa = XCBuildConfiguration;
			buildSettings = {
				CODE_SIGN_STYLE = Automatic;
				MACOSX_DEPLOYMENT_TARGET = 14.0;
				PRODUCT_NAME = "$(TARGET_NAME)";
				SDKROOT = macosx;
				SWIFT_VERSION = 5.0;
			};
			name = Release;
		};
/* End XCBuildConfiguration section */

/* Begin XCConfigurationList section */
		441C180C2B3231FB006A879B /* Build configuration list for PBXProject "GraphQLiOSBlueprint" */ = {
			isa = XCConfigurationList;
			buildConfigurations = (
				441C181D2B3231FC006A879B /* Debug */,
				441C181E2B3231FC006A879B /* Release */,
			);
			defaultConfigurationIsVisible = 0;
			defaultConfigurationName = Release;
		};
		441C181F2B3231FC006A879B /* Build configuration list for PBXNativeTarget "GraphQLiOSBlueprint" */ = {
			isa = XCConfigurationList;
			buildConfigurations = (
				441C18202B3231FC006A879B /* Debug */,
				441C18212B3231FC006A879B /* Release */,
			);
			defaultConfigurationIsVisible = 0;
			defaultConfigurationName = Release;
		};
		44AC63642B325CD000E304E6 /* Build configuration list for PBXNativeTarget "GraphqliOSBlueprintCLI" */ = {
			isa = XCConfigurationList;
			buildConfigurations = (
				44AC63652B325CD000E304E6 /* Debug */,
				44AC63662B325CD000E304E6 /* Release */,
			);
			defaultConfigurationIsVisible = 0;
			defaultConfigurationName = Release;
		};
/* End XCConfigurationList section */

/* Begin XCRemoteSwiftPackageReference section */
		44AC63452B32533700E304E6 /* XCRemoteSwiftPackageReference "apollo-ios" */ = {
			isa = XCRemoteSwiftPackageReference;
			repositoryURL = "https://github.com/apollographql/apollo-ios.git";
			requirement = {
				kind = upToNextMajorVersion;
				minimumVersion = 1.7.1;
			};
		};
/* End XCRemoteSwiftPackageReference section */

/* Begin XCSwiftPackageProductDependency section */
		44AC63462B32533700E304E6 /* Apollo */ = {
			isa = XCSwiftPackageProductDependency;
			package = 44AC63452B32533700E304E6 /* XCRemoteSwiftPackageReference "apollo-ios" */;
			productName = Apollo;
		};
		44AC63482B32533700E304E6 /* ApolloAPI */ = {
			isa = XCSwiftPackageProductDependency;
			package = 44AC63452B32533700E304E6 /* XCRemoteSwiftPackageReference "apollo-ios" */;
			productName = ApolloAPI;
		};
		44AC635A2B325A5A00E304E6 /* GraphqlAPI */ = {
			isa = XCSwiftPackageProductDependency;
			productName = GraphqlAPI;
		};
/* End XCSwiftPackageProductDependency section */
	};
	rootObject = 441C18092B3231FB006A879B /* Project object */;
}
